
Microsoft Visual Studio Solution File, Format Version 12.00
# Visual Studio 14
VisualStudioVersion = 14.0.23107.0
MinimumVisualStudioVersion = 10.0.40219.1
Project("{FAE04EC0-301F-11D3-BF4B-00C04F79EFBC}") = "01.01", "01.01\01.01.csproj", "{AB72C13F-6BAC-4884-B895-A4B7697D8A44}"
EndProject
Project("{FAE04EC0-301F-11D3-BF4B-00C04F79EFBC}") = "01.02", "01.02\01.02.csproj", "{50258D9D-416A-46C9-9D55-A73656B4D551}"
EndProject
Project("{FAE04EC0-301F-11D3-BF4B-00C04F79EFBC}") = "02.01", "02.01\02.01.csproj", "{4A61A4EF-F62C-4D47-BE56-C049D1A7AA42}"
EndProject
Project("{FAE04EC0-301F-11D3-BF4B-00C04F79EFBC}") = "02.02", "02.02\02.02.csproj", "{7F4CD53D-52AE-4438-8D62-B71E59DF5D95}"
EndProject
Project("{FAE04EC0-301F-11D3-BF4B-00C04F79EFBC}") = "03.01", "03.01\03.01.csproj", "{948BEE3C-8F67-4FF0-B102-AC966CC67135}"
EndProject
Project("{FAE04EC0-301F-11D3-BF4B-00C04F79EFBC}") = "04.01", "04.01\04.01.csproj", "{14AF9DC3-21AD-492A-96BD-6E3028580709}"
EndProject
Project("{FAE04EC0-301F-11D3-BF4B-00C04F79EFBC}") = "04.02", "04.02\04.02.csproj", "{C273A4CC-A7E5-475F-81B5-18FC2D3A8F21}"
EndProject
Project("{FAE04EC0-301F-11D3-BF4B-00C04F79EFBC}") = "03.02", "03.02\03.02.csproj", "{D50C3D77-8E4C-4601-943C-BB5902CBD35A}"
EndProject
Project("{FAE04EC0-301F-11D3-BF4B-00C04F79EFBC}") = "06.01", "06.01\06.01.csproj", "{0A94A1BE-897B-47BA-824C-B03173A10D6B}"
EndProject
Project("{FAE04EC0-301F-11D3-BF4B-00C04F79EFBC}") = "06.02", "06.02\06.02.csproj", "{F86119BD-D29D-4527-AFD6-4DF9C638E99C}"
EndProject
Project("{FAE04EC0-301F-11D3-BF4B-00C04F79EFBC}") = "07.01", "07.01\07.01.csproj", "{6C9FDD79-9CA0-44D4-BAEC-5C69C0FE8016}"
EndProject
Project("{FAE04EC0-301F-11D3-BF4B-00C04F79EFBC}") = "07.02", "07.02\07.02.csproj", "{26865129-38B6-4A31-AEC4-4B28F4E196E1}"
EndProject
Project("{FAE04EC0-301F-11D3-BF4B-00C04F79EFBC}") = "05.01", "05.01\05.01.csproj", "{E73929F5-B4CF-4F5F-B5EC-4EAC46EBE290}"
EndProject
Project("{FAE04EC0-301F-11D3-BF4B-00C04F79EFBC}") = "05.02", "05.02\05.02.csproj", "{3FEE22C4-A622-43A2-8A2B-8B653C467AE2}"
EndProject
Project("{FAE04EC0-301F-11D3-BF4B-00C04F79EFBC}") = "08.01", "08.01\08.01.csproj", "{B80B879D-9E46-44AD-A3C5-CD3BCAD23932}"
EndProject
Project("{FAE04EC0-301F-11D3-BF4B-00C04F79EFBC}") = "08.02", "08.02\08.02.csproj", "{18278B08-3825-4B78-8104-74A91EF712ED}"
EndProject
Project("{FAE04EC0-301F-11D3-BF4B-00C04F79EFBC}") = "09.01", "09.01\09.01.csproj", "{ECC4E953-7154-4E39-8EC6-C8DC84419E8A}"
EndProject
Project("{FAE04EC0-301F-11D3-BF4B-00C04F79EFBC}") = "09.02", "09.02\09.02.csproj", "{E828C540-BA82-4B21-A1CD-042B13F3627A}"
EndProject
Project("{FAE04EC0-301F-11D3-BF4B-00C04F79EFBC}") = "10.01", "10.01\10.01.csproj", "{F53E7F70-3E95-45E5-9769-68CA62961CF1}"
EndProject
Project("{FAE04EC0-301F-11D3-BF4B-00C04F79EFBC}") = "10.02", "10.02\10.02.csproj", "{839FBD4E-33E1-4E1E-878F-7464B7C09BE3}"
EndProject
Project("{FAE04EC0-301F-11D3-BF4B-00C04F79EFBC}") = "11.01", "11.01\11.01.csproj", "{057ACEC2-27B2-4F2F-A869-269445E3F14F}"
EndProject
Project("{FAE04EC0-301F-11D3-BF4B-00C04F79EFBC}") = "11.02", "11.02\11.02.csproj", "{A0CB2DF6-6DE9-4F15-8663-885EDAFB6E39}"
EndProject
Project("{FAE04EC0-301F-11D3-BF4B-00C04F79EFBC}") = "12.01", "12.01\12.01.csproj", "{9E5FF88A-3028-4FA2-8F5E-0CCB3481BD68}"
EndProject
Project("{FAE04EC0-301F-11D3-BF4B-00C04F79EFBC}") = "12.02", "12.02\12.02.csproj", "{FE8CEDC4-E46C-4FFA-B612-A554C19CC0D4}"
EndProject
Project("{FAE04EC0-301F-11D3-BF4B-00C04F79EFBC}") = "16.01", "16.01\16.01.csproj", "{30A2C2F6-E28E-48B3-BA50-BBF3EF889101}"
EndProject
Project("{FAE04EC0-301F-11D3-BF4B-00C04F79EFBC}") = "16.02", "16.02\16.02.csproj", "{935D50FE-79C7-4728-BB83-CBF1E02D9301}"
EndProject
Project("{FAE04EC0-301F-11D3-BF4B-00C04F79EFBC}") = "17.01", "17.01\17.01.csproj", "{DE224F6E-932B-4AB2-8659-2F850D160D27}"
EndProject
Project("{FAE04EC0-301F-11D3-BF4B-00C04F79EFBC}") = "17.02", "17.02\17.02.csproj", "{404B41C7-B5D7-43F2-A550-49833A3660FA}"
EndProject
Project("{FAE04EC0-301F-11D3-BF4B-00C04F79EFBC}") = "15.01", "15.01\15.01.csproj", "{D11B2457-4465-4CCC-8410-267CEDBC96C2}"
EndProject
Project("{FAE04EC0-301F-11D3-BF4B-00C04F79EFBC}") = "15.02", "15.02\15.02.csproj", "{FD73B3B2-B648-4315-AFD8-B286475B6252}"
EndProject
Project("{FAE04EC0-301F-11D3-BF4B-00C04F79EFBC}") = "13.01", "13.01\13.01.csproj", "{8099996F-3288-4AB6-A69D-D71FE4F4DE37}"
EndProject
Project("{FAE04EC0-301F-11D3-BF4B-00C04F79EFBC}") = "13.02", "13.02\13.02.csproj", "{E08DBD43-6E3B-402D-875F-D712756F8E70}"
EndProject
Global
	GlobalSection(SolutionConfigurationPlatforms) = preSolution
		Debug|Any CPU = Debug|Any CPU
		Release|Any CPU = Release|Any CPU
	EndGlobalSection
	GlobalSection(ProjectConfigurationPlatforms) = postSolution
		{AB72C13F-6BAC-4884-B895-A4B7697D8A44}.Debug|Any CPU.ActiveCfg = Debug|Any CPU
		{AB72C13F-6BAC-4884-B895-A4B7697D8A44}.Debug|Any CPU.Build.0 = Debug|Any CPU
		{AB72C13F-6BAC-4884-B895-A4B7697D8A44}.Release|Any CPU.ActiveCfg = Release|Any CPU
		{AB72C13F-6BAC-4884-B895-A4B7697D8A44}.Release|Any CPU.Build.0 = Release|Any CPU
		{50258D9D-416A-46C9-9D55-A73656B4D551}.Debug|Any CPU.ActiveCfg = Debug|Any CPU
		{50258D9D-416A-46C9-9D55-A73656B4D551}.Debug|Any CPU.Build.0 = Debug|Any CPU
		{50258D9D-416A-46C9-9D55-A73656B4D551}.Release|Any CPU.ActiveCfg = Release|Any CPU
		{50258D9D-416A-46C9-9D55-A73656B4D551}.Release|Any CPU.Build.0 = Release|Any CPU
		{4A61A4EF-F62C-4D47-BE56-C049D1A7AA42}.Debug|Any CPU.ActiveCfg = Debug|Any CPU
		{4A61A4EF-F62C-4D47-BE56-C049D1A7AA42}.Debug|Any CPU.Build.0 = Debug|Any CPU
		{4A61A4EF-F62C-4D47-BE56-C049D1A7AA42}.Release|Any CPU.ActiveCfg = Release|Any CPU
		{4A61A4EF-F62C-4D47-BE56-C049D1A7AA42}.Release|Any CPU.Build.0 = Release|Any CPU
		{7F4CD53D-52AE-4438-8D62-B71E59DF5D95}.Debug|Any CPU.ActiveCfg = Debug|Any CPU
		{7F4CD53D-52AE-4438-8D62-B71E59DF5D95}.Debug|Any CPU.Build.0 = Debug|Any CPU
		{7F4CD53D-52AE-4438-8D62-B71E59DF5D95}.Release|Any CPU.ActiveCfg = Release|Any CPU
		{7F4CD53D-52AE-4438-8D62-B71E59DF5D95}.Release|Any CPU.Build.0 = Release|Any CPU
		{948BEE3C-8F67-4FF0-B102-AC966CC67135}.Debug|Any CPU.ActiveCfg = Debug|Any CPU
		{948BEE3C-8F67-4FF0-B102-AC966CC67135}.Debug|Any CPU.Build.0 = Debug|Any CPU
		{948BEE3C-8F67-4FF0-B102-AC966CC67135}.Release|Any CPU.ActiveCfg = Release|Any CPU
		{948BEE3C-8F67-4FF0-B102-AC966CC67135}.Release|Any CPU.Build.0 = Release|Any CPU
		{14AF9DC3-21AD-492A-96BD-6E3028580709}.Debug|Any CPU.ActiveCfg = Debug|Any CPU
		{14AF9DC3-21AD-492A-96BD-6E3028580709}.Debug|Any CPU.Build.0 = Debug|Any CPU
		{14AF9DC3-21AD-492A-96BD-6E3028580709}.Release|Any CPU.ActiveCfg = Release|Any CPU
		{14AF9DC3-21AD-492A-96BD-6E3028580709}.Release|Any CPU.Build.0 = Release|Any CPU
		{C273A4CC-A7E5-475F-81B5-18FC2D3A8F21}.Debug|Any CPU.ActiveCfg = Debug|Any CPU
		{C273A4CC-A7E5-475F-81B5-18FC2D3A8F21}.Debug|Any CPU.Build.0 = Debug|Any CPU
		{C273A4CC-A7E5-475F-81B5-18FC2D3A8F21}.Release|Any CPU.ActiveCfg = Release|Any CPU
		{C273A4CC-A7E5-475F-81B5-18FC2D3A8F21}.Release|Any CPU.Build.0 = Release|Any CPU
		{D50C3D77-8E4C-4601-943C-BB5902CBD35A}.Debug|Any CPU.ActiveCfg = Debug|Any CPU
		{D50C3D77-8E4C-4601-943C-BB5902CBD35A}.Debug|Any CPU.Build.0 = Debug|Any CPU
		{D50C3D77-8E4C-4601-943C-BB5902CBD35A}.Release|Any CPU.ActiveCfg = Release|Any CPU
		{D50C3D77-8E4C-4601-943C-BB5902CBD35A}.Release|Any CPU.Build.0 = Release|Any CPU
		{0A94A1BE-897B-47BA-824C-B03173A10D6B}.Debug|Any CPU.ActiveCfg = Debug|Any CPU
		{0A94A1BE-897B-47BA-824C-B03173A10D6B}.Debug|Any CPU.Build.0 = Debug|Any CPU
		{0A94A1BE-897B-47BA-824C-B03173A10D6B}.Release|Any CPU.ActiveCfg = Release|Any CPU
		{0A94A1BE-897B-47BA-824C-B03173A10D6B}.Release|Any CPU.Build.0 = Release|Any CPU
		{F86119BD-D29D-4527-AFD6-4DF9C638E99C}.Debug|Any CPU.ActiveCfg = Debug|Any CPU
		{F86119BD-D29D-4527-AFD6-4DF9C638E99C}.Debug|Any CPU.Build.0 = Debug|Any CPU
		{F86119BD-D29D-4527-AFD6-4DF9C638E99C}.Release|Any CPU.ActiveCfg = Release|Any CPU
		{F86119BD-D29D-4527-AFD6-4DF9C638E99C}.Release|Any CPU.Build.0 = Release|Any CPU
		{6C9FDD79-9CA0-44D4-BAEC-5C69C0FE8016}.Debug|Any CPU.ActiveCfg = Debug|Any CPU
		{6C9FDD79-9CA0-44D4-BAEC-5C69C0FE8016}.Debug|Any CPU.Build.0 = Debug|Any CPU
		{6C9FDD79-9CA0-44D4-BAEC-5C69C0FE8016}.Release|Any CPU.ActiveCfg = Release|Any CPU
		{6C9FDD79-9CA0-44D4-BAEC-5C69C0FE8016}.Release|Any CPU.Build.0 = Release|Any CPU
		{26865129-38B6-4A31-AEC4-4B28F4E196E1}.Debug|Any CPU.ActiveCfg = Debug|Any CPU
		{26865129-38B6-4A31-AEC4-4B28F4E196E1}.Debug|Any CPU.Build.0 = Debug|Any CPU
		{26865129-38B6-4A31-AEC4-4B28F4E196E1}.Release|Any CPU.ActiveCfg = Release|Any CPU
		{26865129-38B6-4A31-AEC4-4B28F4E196E1}.Release|Any CPU.Build.0 = Release|Any CPU
		{E73929F5-B4CF-4F5F-B5EC-4EAC46EBE290}.Debug|Any CPU.ActiveCfg = Debug|Any CPU
		{E73929F5-B4CF-4F5F-B5EC-4EAC46EBE290}.Debug|Any CPU.Build.0 = Debug|Any CPU
		{E73929F5-B4CF-4F5F-B5EC-4EAC46EBE290}.Release|Any CPU.ActiveCfg = Release|Any CPU
		{E73929F5-B4CF-4F5F-B5EC-4EAC46EBE290}.Release|Any CPU.Build.0 = Release|Any CPU
		{3FEE22C4-A622-43A2-8A2B-8B653C467AE2}.Debug|Any CPU.ActiveCfg = Debug|Any CPU
		{3FEE22C4-A622-43A2-8A2B-8B653C467AE2}.Debug|Any CPU.Build.0 = Debug|Any CPU
		{3FEE22C4-A622-43A2-8A2B-8B653C467AE2}.Release|Any CPU.ActiveCfg = Release|Any CPU
		{3FEE22C4-A622-43A2-8A2B-8B653C467AE2}.Release|Any CPU.Build.0 = Release|Any CPU
		{B80B879D-9E46-44AD-A3C5-CD3BCAD23932}.Debug|Any CPU.ActiveCfg = Debug|Any CPU
		{B80B879D-9E46-44AD-A3C5-CD3BCAD23932}.Debug|Any CPU.Build.0 = Debug|Any CPU
		{B80B879D-9E46-44AD-A3C5-CD3BCAD23932}.Release|Any CPU.ActiveCfg = Release|Any CPU
		{B80B879D-9E46-44AD-A3C5-CD3BCAD23932}.Release|Any CPU.Build.0 = Release|Any CPU
		{18278B08-3825-4B78-8104-74A91EF712ED}.Debug|Any CPU.ActiveCfg = Debug|Any CPU
		{18278B08-3825-4B78-8104-74A91EF712ED}.Debug|Any CPU.Build.0 = Debug|Any CPU
		{18278B08-3825-4B78-8104-74A91EF712ED}.Release|Any CPU.ActiveCfg = Release|Any CPU
		{18278B08-3825-4B78-8104-74A91EF712ED}.Release|Any CPU.Build.0 = Release|Any CPU
		{ECC4E953-7154-4E39-8EC6-C8DC84419E8A}.Debug|Any CPU.ActiveCfg = Debug|Any CPU
		{ECC4E953-7154-4E39-8EC6-C8DC84419E8A}.Debug|Any CPU.Build.0 = Debug|Any CPU
		{ECC4E953-7154-4E39-8EC6-C8DC84419E8A}.Release|Any CPU.ActiveCfg = Release|Any CPU
		{ECC4E953-7154-4E39-8EC6-C8DC84419E8A}.Release|Any CPU.Build.0 = Release|Any CPU
		{E828C540-BA82-4B21-A1CD-042B13F3627A}.Debug|Any CPU.ActiveCfg = Debug|Any CPU
		{E828C540-BA82-4B21-A1CD-042B13F3627A}.Debug|Any CPU.Build.0 = Debug|Any CPU
		{E828C540-BA82-4B21-A1CD-042B13F3627A}.Release|Any CPU.ActiveCfg = Release|Any CPU
		{E828C540-BA82-4B21-A1CD-042B13F3627A}.Release|Any CPU.Build.0 = Release|Any CPU
		{F53E7F70-3E95-45E5-9769-68CA62961CF1}.Debug|Any CPU.ActiveCfg = Debug|Any CPU
		{F53E7F70-3E95-45E5-9769-68CA62961CF1}.Debug|Any CPU.Build.0 = Debug|Any CPU
		{F53E7F70-3E95-45E5-9769-68CA62961CF1}.Release|Any CPU.ActiveCfg = Release|Any CPU
		{F53E7F70-3E95-45E5-9769-68CA62961CF1}.Release|Any CPU.Build.0 = Release|Any CPU
		{839FBD4E-33E1-4E1E-878F-7464B7C09BE3}.Debug|Any CPU.ActiveCfg = Debug|Any CPU
		{839FBD4E-33E1-4E1E-878F-7464B7C09BE3}.Debug|Any CPU.Build.0 = Debug|Any CPU
		{839FBD4E-33E1-4E1E-878F-7464B7C09BE3}.Release|Any CPU.ActiveCfg = Release|Any CPU
		{839FBD4E-33E1-4E1E-878F-7464B7C09BE3}.Release|Any CPU.Build.0 = Release|Any CPU
		{057ACEC2-27B2-4F2F-A869-269445E3F14F}.Debug|Any CPU.ActiveCfg = Debug|Any CPU
		{057ACEC2-27B2-4F2F-A869-269445E3F14F}.Debug|Any CPU.Build.0 = Debug|Any CPU
		{057ACEC2-27B2-4F2F-A869-269445E3F14F}.Release|Any CPU.ActiveCfg = Release|Any CPU
		{057ACEC2-27B2-4F2F-A869-269445E3F14F}.Release|Any CPU.Build.0 = Release|Any CPU
		{A0CB2DF6-6DE9-4F15-8663-885EDAFB6E39}.Debug|Any CPU.ActiveCfg = Debug|Any CPU
		{A0CB2DF6-6DE9-4F15-8663-885EDAFB6E39}.Debug|Any CPU.Build.0 = Debug|Any CPU
		{A0CB2DF6-6DE9-4F15-8663-885EDAFB6E39}.Release|Any CPU.ActiveCfg = Release|Any CPU
		{A0CB2DF6-6DE9-4F15-8663-885EDAFB6E39}.Release|Any CPU.Build.0 = Release|Any CPU
		{9E5FF88A-3028-4FA2-8F5E-0CCB3481BD68}.Debug|Any CPU.ActiveCfg = Debug|Any CPU
		{9E5FF88A-3028-4FA2-8F5E-0CCB3481BD68}.Debug|Any CPU.Build.0 = Debug|Any CPU
		{9E5FF88A-3028-4FA2-8F5E-0CCB3481BD68}.Release|Any CPU.ActiveCfg = Release|Any CPU
		{9E5FF88A-3028-4FA2-8F5E-0CCB3481BD68}.Release|Any CPU.Build.0 = Release|Any CPU
		{FE8CEDC4-E46C-4FFA-B612-A554C19CC0D4}.Debug|Any CPU.ActiveCfg = Debug|Any CPU
		{FE8CEDC4-E46C-4FFA-B612-A554C19CC0D4}.Debug|Any CPU.Build.0 = Debug|Any CPU
		{FE8CEDC4-E46C-4FFA-B612-A554C19CC0D4}.Release|Any CPU.ActiveCfg = Release|Any CPU
		{FE8CEDC4-E46C-4FFA-B612-A554C19CC0D4}.Release|Any CPU.Build.0 = Release|Any CPU
		{30A2C2F6-E28E-48B3-BA50-BBF3EF889101}.Debug|Any CPU.ActiveCfg = Debug|Any CPU
		{30A2C2F6-E28E-48B3-BA50-BBF3EF889101}.Debug|Any CPU.Build.0 = Debug|Any CPU
		{30A2C2F6-E28E-48B3-BA50-BBF3EF889101}.Release|Any CPU.ActiveCfg = Release|Any CPU
		{30A2C2F6-E28E-48B3-BA50-BBF3EF889101}.Release|Any CPU.Build.0 = Release|Any CPU
		{935D50FE-79C7-4728-BB83-CBF1E02D9301}.Debug|Any CPU.ActiveCfg = Debug|Any CPU
		{935D50FE-79C7-4728-BB83-CBF1E02D9301}.Debug|Any CPU.Build.0 = Debug|Any CPU
		{935D50FE-79C7-4728-BB83-CBF1E02D9301}.Release|Any CPU.ActiveCfg = Release|Any CPU
		{935D50FE-79C7-4728-BB83-CBF1E02D9301}.Release|Any CPU.Build.0 = Release|Any CPU
		{DE224F6E-932B-4AB2-8659-2F850D160D27}.Debug|Any CPU.ActiveCfg = Debug|Any CPU
		{DE224F6E-932B-4AB2-8659-2F850D160D27}.Debug|Any CPU.Build.0 = Debug|Any CPU
		{DE224F6E-932B-4AB2-8659-2F850D160D27}.Release|Any CPU.ActiveCfg = Release|Any CPU
		{DE224F6E-932B-4AB2-8659-2F850D160D27}.Release|Any CPU.Build.0 = Release|Any CPU
		{404B41C7-B5D7-43F2-A550-49833A3660FA}.Debug|Any CPU.ActiveCfg = Debug|Any CPU
		{404B41C7-B5D7-43F2-A550-49833A3660FA}.Debug|Any CPU.Build.0 = Debug|Any CPU
		{404B41C7-B5D7-43F2-A550-49833A3660FA}.Release|Any CPU.ActiveCfg = Release|Any CPU
		{404B41C7-B5D7-43F2-A550-49833A3660FA}.Release|Any CPU.Build.0 = Release|Any CPU
		{D11B2457-4465-4CCC-8410-267CEDBC96C2}.Debug|Any CPU.ActiveCfg = Debug|Any CPU
		{D11B2457-4465-4CCC-8410-267CEDBC96C2}.Debug|Any CPU.Build.0 = Debug|Any CPU
		{D11B2457-4465-4CCC-8410-267CEDBC96C2}.Release|Any CPU.ActiveCfg = Release|Any CPU
		{D11B2457-4465-4CCC-8410-267CEDBC96C2}.Release|Any CPU.Build.0 = Release|Any CPU
		{FD73B3B2-B648-4315-AFD8-B286475B6252}.Debug|Any CPU.ActiveCfg = Debug|Any CPU
		{FD73B3B2-B648-4315-AFD8-B286475B6252}.Debug|Any CPU.Build.0 = Debug|Any CPU
		{FD73B3B2-B648-4315-AFD8-B286475B6252}.Release|Any CPU.ActiveCfg = Release|Any CPU
		{FD73B3B2-B648-4315-AFD8-B286475B6252}.Release|Any CPU.Build.0 = Release|Any CPU
		{8099996F-3288-4AB6-A69D-D71FE4F4DE37}.Debug|Any CPU.ActiveCfg = Debug|Any CPU
		{8099996F-3288-4AB6-A69D-D71FE4F4DE37}.Debug|Any CPU.Build.0 = Debug|Any CPU
		{8099996F-3288-4AB6-A69D-D71FE4F4DE37}.Release|Any CPU.ActiveCfg = Release|Any CPU
		{8099996F-3288-4AB6-A69D-D71FE4F4DE37}.Release|Any CPU.Build.0 = Release|Any CPU
		{E08DBD43-6E3B-402D-875F-D712756F8E70}.Debug|Any CPU.ActiveCfg = Debug|Any CPU
		{E08DBD43-6E3B-402D-875F-D712756F8E70}.Debug|Any CPU.Build.0 = Debug|Any CPU
		{E08DBD43-6E3B-402D-875F-D712756F8E70}.Release|Any CPU.ActiveCfg = Release|Any CPU
		{E08DBD43-6E3B-402D-875F-D712756F8E70}.Release|Any CPU.Build.0 = Release|Any CPU
	EndGlobalSection
	GlobalSection(SolutionProperties) = preSolution
		HideSolutionNode = FALSE
	EndGlobalSection
EndGlobal
